
Microsoft Visual Studio Solution File, Format Version 12.00
# Visual Studio Version 17
VisualStudioVersion = 17.4.33110.190
MinimumVisualStudioVersion = 10.0.40219.1
Project("{FAE04EC0-301F-11D3-BF4B-00C04F79EFBC}") = "MeuProject", "MeuProject\MeuProject.csproj", "{11165B10-E655-4998-87E1-6BC78C97FBCC}"
EndProject
Global
	GlobalSection(SolutionConfigurationPlatforms) = preSolution
		Debug|Any CPU = Debug|Any CPU
		Release|Any CPU = Release|Any CPU
	EndGlobalSection
	GlobalSection(ProjectConfigurationPlatforms) = postSolution
		{11165B10-E655-4998-87E1-6BC78C97FBCC}.Debug|Any CPU.ActiveCfg = Debug|Any CPU
		{11165B10-E655-4998-87E1-6BC78C97FBCC}.Debug|Any CPU.Build.0 = Debug|Any CPU
		{11165B10-E655-4998-87E1-6BC78C97FBCC}.Release|Any CPU.ActiveCfg = Release|Any CPU
		{11165B10-E655-4998-87E1-6BC78C97FBCC}.Release|Any CPU.Build.0 = Release|Any CPU
	EndGlobalSection
	GlobalSection(SolutionProperties) = preSolution
		HideSolutionNode = FALSE
	EndGlobalSection
	GlobalSection(ExtensibilityGlobals) = postSolution
		SolutionGuid = {83E9BF6A-791F-4AEB-949B-665DB74F372E}
	EndGlobalSection
EndGlobal
